
Microsoft Visual Studio Solution File, Format Version 12.00
# Visual Studio Version 16
VisualStudioVersion = 16.0.31729.503
MinimumVisualStudioVersion = 10.0.40219.1
Project("{8BC9CEB8-8B4A-11D0-8D11-00A0C91BC942}") = "task1", "task1\task1.vcxproj", "{AED21669-CA18-4544-B739-7B113AE3EA8F}"
EndProject
Project("{8BC9CEB8-8B4A-11D0-8D11-00A0C91BC942}") = "task2", "task2\task2.vcxproj", "{324D82C6-A564-4EC0-82CA-AC4609266A28}"
EndProject
Project("{8BC9CEB8-8B4A-11D0-8D11-00A0C91BC942}") = "task3", "task3\task3.vcxproj", "{1682C395-16F3-409E-9495-4201A896BAE9}"
EndProject
Project("{8BC9CEB8-8B4A-11D0-8D11-00A0C91BC942}") = "task4", "task4\task4.vcxproj", "{F9FC641C-0041-497F-A0CF-3214CDA69B05}"
EndProject
Project("{8BC9CEB8-8B4A-11D0-8D11-00A0C91BC942}") = "task5", "task5\task5.vcxproj", "{DC7148B2-4252-4F30-824D-5837FC544366}"
EndProject
Project("{8BC9CEB8-8B4A-11D0-8D11-00A0C91BC942}") = "task6", "task6\task6.vcxproj", "{49D072B1-1A0E-41BC-85F9-659C27F73565}"
EndProject
Project("{8BC9CEB8-8B4A-11D0-8D11-00A0C91BC942}") = "task7", "task7\task7.vcxproj", "{C726EDE4-A40E-421E-A446-01C60F5439AE}"
EndProject
Project("{8BC9CEB8-8B4A-11D0-8D11-00A0C91BC942}") = "task8", "task8\task8.vcxproj", "{392DBC23-84DF-479B-893F-10518670D1A5}"
EndProject
Project("{8BC9CEB8-8B4A-11D0-8D11-00A0C91BC942}") = "task9", "task9\task9.vcxproj", "{1F089D9B-D801-4640-9294-4E5E6B5F7A73}"
EndProject
Project("{8BC9CEB8-8B4A-11D0-8D11-00A0C91BC942}") = "UnitTests", "UnitTests\UnitTests.vcxproj", "{43CA71FD-A7D8-42A7-AA61-184901109237}"
EndProject
Global
	GlobalSection(SolutionConfigurationPlatforms) = preSolution
		Debug|x64 = Debug|x64
		Debug|x86 = Debug|x86
		Release|x64 = Release|x64
		Release|x86 = Release|x86
	EndGlobalSection
	GlobalSection(ProjectConfigurationPlatforms) = postSolution
		{AED21669-CA18-4544-B739-7B113AE3EA8F}.Debug|x64.ActiveCfg = Debug|x64
		{AED21669-CA18-4544-B739-7B113AE3EA8F}.Debug|x64.Build.0 = Debug|x64
		{AED21669-CA18-4544-B739-7B113AE3EA8F}.Debug|x86.ActiveCfg = Debug|Win32
		{AED21669-CA18-4544-B739-7B113AE3EA8F}.Debug|x86.Build.0 = Debug|Win32
		{AED21669-CA18-4544-B739-7B113AE3EA8F}.Release|x64.ActiveCfg = Release|x64
		{AED21669-CA18-4544-B739-7B113AE3EA8F}.Release|x64.Build.0 = Release|x64
		{AED21669-CA18-4544-B739-7B113AE3EA8F}.Release|x86.ActiveCfg = Release|Win32
		{AED21669-CA18-4544-B739-7B113AE3EA8F}.Release|x86.Build.0 = Release|Win32
		{324D82C6-A564-4EC0-82CA-AC4609266A28}.Debug|x64.ActiveCfg = Debug|x64
		{324D82C6-A564-4EC0-82CA-AC4609266A28}.Debug|x64.Build.0 = Debug|x64
		{324D82C6-A564-4EC0-82CA-AC4609266A28}.Debug|x86.ActiveCfg = Debug|Win32
		{324D82C6-A564-4EC0-82CA-AC4609266A28}.Debug|x86.Build.0 = Debug|Win32
		{324D82C6-A564-4EC0-82CA-AC4609266A28}.Release|x64.ActiveCfg = Release|x64
		{324D82C6-A564-4EC0-82CA-AC4609266A28}.Release|x64.Build.0 = Release|x64
		{324D82C6-A564-4EC0-82CA-AC4609266A28}.Release|x86.ActiveCfg = Release|Win32
		{324D82C6-A564-4EC0-82CA-AC4609266A28}.Release|x86.Build.0 = Release|Win32
		{1682C395-16F3-409E-9495-4201A896BAE9}.Debug|x64.ActiveCfg = Debug|x64
		{1682C395-16F3-409E-9495-4201A896BAE9}.Debug|x64.Build.0 = Debug|x64
		{1682C395-16F3-409E-9495-4201A896BAE9}.Debug|x86.ActiveCfg = Debug|Win32
		{1682C395-16F3-409E-9495-4201A896BAE9}.Debug|x86.Build.0 = Debug|Win32
		{1682C395-16F3-409E-9495-4201A896BAE9}.Release|x64.ActiveCfg = Release|x64
		{1682C395-16F3-409E-9495-4201A896BAE9}.Release|x64.Build.0 = Release|x64
		{1682C395-16F3-409E-9495-4201A896BAE9}.Release|x86.ActiveCfg = Release|Win32
		{1682C395-16F3-409E-9495-4201A896BAE9}.Release|x86.Build.0 = Release|Win32
		{F9FC641C-0041-497F-A0CF-3214CDA69B05}.Debug|x64.ActiveCfg = Debug|x64
		{F9FC641C-0041-497F-A0CF-3214CDA69B05}.Debug|x64.Build.0 = Debug|x64
		{F9FC641C-0041-497F-A0CF-3214CDA69B05}.Debug|x86.ActiveCfg = Debug|Win32
		{F9FC641C-0041-497F-A0CF-3214CDA69B05}.Debug|x86.Build.0 = Debug|Win32
		{F9FC641C-0041-497F-A0CF-3214CDA69B05}.Release|x64.ActiveCfg = Release|x64
		{F9FC641C-0041-497F-A0CF-3214CDA69B05}.Release|x64.Build.0 = Release|x64
		{F9FC641C-0041-497F-A0CF-3214CDA69B05}.Release|x86.ActiveCfg = Release|Win32
		{F9FC641C-0041-497F-A0CF-3214CDA69B05}.Release|x86.Build.0 = Release|Win32
		{DC7148B2-4252-4F30-824D-5837FC544366}.Debug|x64.ActiveCfg = Debug|x64
		{DC7148B2-4252-4F30-824D-5837FC544366}.Debug|x64.Build.0 = Debug|x64
		{DC7148B2-4252-4F30-824D-5837FC544366}.Debug|x86.ActiveCfg = Debug|Win32
		{DC7148B2-4252-4F30-824D-5837FC544366}.Debug|x86.Build.0 = Debug|Win32
		{DC7148B2-4252-4F30-824D-5837FC544366}.Release|x64.ActiveCfg = Release|x64
		{DC7148B2-4252-4F30-824D-5837FC544366}.Release|x64.Build.0 = Release|x64
		{DC7148B2-4252-4F30-824D-5837FC544366}.Release|x86.ActiveCfg = Release|Win32
		{DC7148B2-4252-4F30-824D-5837FC544366}.Release|x86.Build.0 = Release|Win32
		{49D072B1-1A0E-41BC-85F9-659C27F73565}.Debug|x64.ActiveCfg = Debug|x64
		{49D072B1-1A0E-41BC-85F9-659C27F73565}.Debug|x64.Build.0 = Debug|x64
		{49D072B1-1A0E-41BC-85F9-659C27F73565}.Debug|x86.ActiveCfg = Debug|Win32
		{49D072B1-1A0E-41BC-85F9-659C27F73565}.Debug|x86.Build.0 = Debug|Win32
		{49D072B1-1A0E-41BC-85F9-659C27F73565}.Release|x64.ActiveCfg = Release|x64
		{49D072B1-1A0E-41BC-85F9-659C27F73565}.Release|x64.Build.0 = Release|x64
		{49D072B1-1A0E-41BC-85F9-659C27F73565}.Release|x86.ActiveCfg = Release|Win32
		{49D072B1-1A0E-41BC-85F9-659C27F73565}.Release|x86.Build.0 = Release|Win32
		{C726EDE4-A40E-421E-A446-01C60F5439AE}.Debug|x64.ActiveCfg = Debug|x64
		{C726EDE4-A40E-421E-A446-01C60F5439AE}.Debug|x64.Build.0 = Debug|x64
		{C726EDE4-A40E-421E-A446-01C60F5439AE}.Debug|x86.ActiveCfg = Debug|Win32
		{C726EDE4-A40E-421E-A446-01C60F5439AE}.Debug|x86.Build.0 = Debug|Win32
		{C726EDE4-A40E-421E-A446-01C60F5439AE}.Release|x64.ActiveCfg = Release|x64
		{C726EDE4-A40E-421E-A446-01C60F5439AE}.Release|x64.Build.0 = Release|x64
		{C726EDE4-A40E-421E-A446-01C60F5439AE}.Release|x86.ActiveCfg = Release|Win32
		{C726EDE4-A40E-421E-A446-01C60F5439AE}.Release|x86.Build.0 = Release|Win32
		{392DBC23-84DF-479B-893F-10518670D1A5}.Debug|x64.ActiveCfg = Debug|x64
		{392DBC23-84DF-479B-893F-10518670D1A5}.Debug|x64.Build.0 = Debug|x64
		{392DBC23-84DF-479B-893F-10518670D1A5}.Debug|x86.ActiveCfg = Debug|Win32
		{392DBC23-84DF-479B-893F-10518670D1A5}.Debug|x86.Build.0 = Debug|Win32
		{392DBC23-84DF-479B-893F-10518670D1A5}.Release|x64.ActiveCfg = Release|x64
		{392DBC23-84DF-479B-893F-10518670D1A5}.Release|x64.Build.0 = Release|x64
		{392DBC23-84DF-479B-893F-10518670D1A5}.Release|x86.ActiveCfg = Release|Win32
		{392DBC23-84DF-479B-893F-10518670D1A5}.Release|x86.Build.0 = Release|Win32
		{1F089D9B-D801-4640-9294-4E5E6B5F7A73}.Debug|x64.ActiveCfg = Debug|x64
		{1F089D9B-D801-4640-9294-4E5E6B5F7A73}.Debug|x64.Build.0 = Debug|x64
		{1F089D9B-D801-4640-9294-4E5E6B5F7A73}.Debug|x86.ActiveCfg = Debug|Win32
		{1F089D9B-D801-4640-9294-4E5E6B5F7A73}.Debug|x86.Build.0 = Debug|Win32
		{1F089D9B-D801-4640-9294-4E5E6B5F7A73}.Release|x64.ActiveCfg = Release|x64
		{1F089D9B-D801-4640-9294-4E5E6B5F7A73}.Release|x64.Build.0 = Release|x64
		{1F089D9B-D801-4640-9294-4E5E6B5F7A73}.Release|x86.ActiveCfg = Release|Win32
		{1F089D9B-D801-4640-9294-4E5E6B5F7A73}.Release|x86.Build.0 = Release|Win32
		{43CA71FD-A7D8-42A7-AA61-184901109237}.Debug|x64.ActiveCfg = Debug|x64
		{43CA71FD-A7D8-42A7-AA61-184901109237}.Debug|x64.Build.0 = Debug|x64
		{43CA71FD-A7D8-42A7-AA61-184901109237}.Debug|x86.ActiveCfg = Debug|Win32
		{43CA71FD-A7D8-42A7-AA61-184901109237}.Debug|x86.Build.0 = Debug|Win32
		{43CA71FD-A7D8-42A7-AA61-184901109237}.Release|x64.ActiveCfg = Release|x64
		{43CA71FD-A7D8-42A7-AA61-184901109237}.Release|x64.Build.0 = Release|x64
		{43CA71FD-A7D8-42A7-AA61-184901109237}.Release|x86.ActiveCfg = Release|Win32
		{43CA71FD-A7D8-42A7-AA61-184901109237}.Release|x86.Build.0 = Release|Win32
	EndGlobalSection
	GlobalSection(SolutionProperties) = preSolution
		HideSolutionNode = FALSE
	EndGlobalSection
	GlobalSection(ExtensibilityGlobals) = postSolution
		SolutionGuid = {F9A65180-04BA-4578-B7A0-7CDC6C14964B}
	EndGlobalSection
EndGlobal
