
Microsoft Visual Studio Solution File, Format Version 12.00
# Visual Studio Version 16
VisualStudioVersion = 16.0.31729.503
MinimumVisualStudioVersion = 10.0.40219.1
Project("{8BC9CEB8-8B4A-11D0-8D11-00A0C91BC942}") = "task1", "task1\task1.vcxproj", "{8294BAB8-3FAD-4858-8DC5-2F18FB82F410}"
EndProject
Project("{8BC9CEB8-8B4A-11D0-8D11-00A0C91BC942}") = "task2", "task2\task2.vcxproj", "{525EF65D-5838-49AB-8269-6DD9D16DC969}"
EndProject
Project("{8BC9CEB8-8B4A-11D0-8D11-00A0C91BC942}") = "task3", "task3\task3.vcxproj", "{15EBF9A3-166F-4B95-A756-DF78DA82EE39}"
EndProject
Project("{8BC9CEB8-8B4A-11D0-8D11-00A0C91BC942}") = "task4", "task4\task4.vcxproj", "{2520AFE5-A6E4-47B4-B4EE-CFEEF3DC1950}"
EndProject
Project("{8BC9CEB8-8B4A-11D0-8D11-00A0C91BC942}") = "task5", "task5\task5.vcxproj", "{FD93CE44-8D31-48A0-A3F8-40DB599D92B2}"
EndProject
Project("{8BC9CEB8-8B4A-11D0-8D11-00A0C91BC942}") = "task6", "task6\task6.vcxproj", "{4A9FF5F6-C7B4-4CA0-ABCD-49ACA44E0B55}"
EndProject
Project("{8BC9CEB8-8B4A-11D0-8D11-00A0C91BC942}") = "task7", "task7\task7.vcxproj", "{EE9A2BED-7DC5-4328-990F-EFA84846B0ED}"
EndProject
Project("{8BC9CEB8-8B4A-11D0-8D11-00A0C91BC942}") = "task8", "task8\task8.vcxproj", "{5A72D838-ED4C-4161-B763-E935C0CA0202}"
EndProject
Project("{8BC9CEB8-8B4A-11D0-8D11-00A0C91BC942}") = "task9", "task9\task9.vcxproj", "{20EC5319-A7A4-4F35-B54E-32AC96B1068F}"
EndProject
Project("{8BC9CEB8-8B4A-11D0-8D11-00A0C91BC942}") = "taskz10", "taskz10\taskz10.vcxproj", "{96C6D8F4-B272-4B57-8E8D-1FF036DDB849}"
EndProject
Project("{8BC9CEB8-8B4A-11D0-8D11-00A0C91BC942}") = "task1.2", "task1.2\task1.2.vcxproj", "{0DCCE000-DE9A-43CF-AE58-17454918AE52}"
EndProject
Project("{8BC9CEB8-8B4A-11D0-8D11-00A0C91BC942}") = "Tests", "Tests\Tests.vcxproj", "{2078EF67-2622-4900-836F-ACFEE30A1791}"
EndProject
Global
	GlobalSection(SolutionConfigurationPlatforms) = preSolution
		Debug|x64 = Debug|x64
		Debug|x86 = Debug|x86
		Release|x64 = Release|x64
		Release|x86 = Release|x86
	EndGlobalSection
	GlobalSection(ProjectConfigurationPlatforms) = postSolution
		{8294BAB8-3FAD-4858-8DC5-2F18FB82F410}.Debug|x64.ActiveCfg = Debug|x64
		{8294BAB8-3FAD-4858-8DC5-2F18FB82F410}.Debug|x64.Build.0 = Debug|x64
		{8294BAB8-3FAD-4858-8DC5-2F18FB82F410}.Debug|x86.ActiveCfg = Debug|Win32
		{8294BAB8-3FAD-4858-8DC5-2F18FB82F410}.Debug|x86.Build.0 = Debug|Win32
		{8294BAB8-3FAD-4858-8DC5-2F18FB82F410}.Release|x64.ActiveCfg = Release|x64
		{8294BAB8-3FAD-4858-8DC5-2F18FB82F410}.Release|x64.Build.0 = Release|x64
		{8294BAB8-3FAD-4858-8DC5-2F18FB82F410}.Release|x86.ActiveCfg = Release|Win32
		{8294BAB8-3FAD-4858-8DC5-2F18FB82F410}.Release|x86.Build.0 = Release|Win32
		{525EF65D-5838-49AB-8269-6DD9D16DC969}.Debug|x64.ActiveCfg = Debug|x64
		{525EF65D-5838-49AB-8269-6DD9D16DC969}.Debug|x64.Build.0 = Debug|x64
		{525EF65D-5838-49AB-8269-6DD9D16DC969}.Debug|x86.ActiveCfg = Debug|Win32
		{525EF65D-5838-49AB-8269-6DD9D16DC969}.Debug|x86.Build.0 = Debug|Win32
		{525EF65D-5838-49AB-8269-6DD9D16DC969}.Release|x64.ActiveCfg = Release|x64
		{525EF65D-5838-49AB-8269-6DD9D16DC969}.Release|x64.Build.0 = Release|x64
		{525EF65D-5838-49AB-8269-6DD9D16DC969}.Release|x86.ActiveCfg = Release|Win32
		{525EF65D-5838-49AB-8269-6DD9D16DC969}.Release|x86.Build.0 = Release|Win32
		{15EBF9A3-166F-4B95-A756-DF78DA82EE39}.Debug|x64.ActiveCfg = Debug|x64
		{15EBF9A3-166F-4B95-A756-DF78DA82EE39}.Debug|x64.Build.0 = Debug|x64
		{15EBF9A3-166F-4B95-A756-DF78DA82EE39}.Debug|x86.ActiveCfg = Debug|Win32
		{15EBF9A3-166F-4B95-A756-DF78DA82EE39}.Debug|x86.Build.0 = Debug|Win32
		{15EBF9A3-166F-4B95-A756-DF78DA82EE39}.Release|x64.ActiveCfg = Release|x64
		{15EBF9A3-166F-4B95-A756-DF78DA82EE39}.Release|x64.Build.0 = Release|x64
		{15EBF9A3-166F-4B95-A756-DF78DA82EE39}.Release|x86.ActiveCfg = Release|Win32
		{15EBF9A3-166F-4B95-A756-DF78DA82EE39}.Release|x86.Build.0 = Release|Win32
		{2520AFE5-A6E4-47B4-B4EE-CFEEF3DC1950}.Debug|x64.ActiveCfg = Debug|x64
		{2520AFE5-A6E4-47B4-B4EE-CFEEF3DC1950}.Debug|x64.Build.0 = Debug|x64
		{2520AFE5-A6E4-47B4-B4EE-CFEEF3DC1950}.Debug|x86.ActiveCfg = Debug|Win32
		{2520AFE5-A6E4-47B4-B4EE-CFEEF3DC1950}.Debug|x86.Build.0 = Debug|Win32
		{2520AFE5-A6E4-47B4-B4EE-CFEEF3DC1950}.Release|x64.ActiveCfg = Release|x64
		{2520AFE5-A6E4-47B4-B4EE-CFEEF3DC1950}.Release|x64.Build.0 = Release|x64
		{2520AFE5-A6E4-47B4-B4EE-CFEEF3DC1950}.Release|x86.ActiveCfg = Release|Win32
		{2520AFE5-A6E4-47B4-B4EE-CFEEF3DC1950}.Release|x86.Build.0 = Release|Win32
		{FD93CE44-8D31-48A0-A3F8-40DB599D92B2}.Debug|x64.ActiveCfg = Debug|x64
		{FD93CE44-8D31-48A0-A3F8-40DB599D92B2}.Debug|x64.Build.0 = Debug|x64
		{FD93CE44-8D31-48A0-A3F8-40DB599D92B2}.Debug|x86.ActiveCfg = Debug|Win32
		{FD93CE44-8D31-48A0-A3F8-40DB599D92B2}.Debug|x86.Build.0 = Debug|Win32
		{FD93CE44-8D31-48A0-A3F8-40DB599D92B2}.Release|x64.ActiveCfg = Release|x64
		{FD93CE44-8D31-48A0-A3F8-40DB599D92B2}.Release|x64.Build.0 = Release|x64
		{FD93CE44-8D31-48A0-A3F8-40DB599D92B2}.Release|x86.ActiveCfg = Release|Win32
		{FD93CE44-8D31-48A0-A3F8-40DB599D92B2}.Release|x86.Build.0 = Release|Win32
		{4A9FF5F6-C7B4-4CA0-ABCD-49ACA44E0B55}.Debug|x64.ActiveCfg = Debug|x64
		{4A9FF5F6-C7B4-4CA0-ABCD-49ACA44E0B55}.Debug|x64.Build.0 = Debug|x64
		{4A9FF5F6-C7B4-4CA0-ABCD-49ACA44E0B55}.Debug|x86.ActiveCfg = Debug|Win32
		{4A9FF5F6-C7B4-4CA0-ABCD-49ACA44E0B55}.Debug|x86.Build.0 = Debug|Win32
		{4A9FF5F6-C7B4-4CA0-ABCD-49ACA44E0B55}.Release|x64.ActiveCfg = Release|x64
		{4A9FF5F6-C7B4-4CA0-ABCD-49ACA44E0B55}.Release|x64.Build.0 = Release|x64
		{4A9FF5F6-C7B4-4CA0-ABCD-49ACA44E0B55}.Release|x86.ActiveCfg = Release|Win32
		{4A9FF5F6-C7B4-4CA0-ABCD-49ACA44E0B55}.Release|x86.Build.0 = Release|Win32
		{EE9A2BED-7DC5-4328-990F-EFA84846B0ED}.Debug|x64.ActiveCfg = Debug|x64
		{EE9A2BED-7DC5-4328-990F-EFA84846B0ED}.Debug|x64.Build.0 = Debug|x64
		{EE9A2BED-7DC5-4328-990F-EFA84846B0ED}.Debug|x86.ActiveCfg = Debug|Win32
		{EE9A2BED-7DC5-4328-990F-EFA84846B0ED}.Debug|x86.Build.0 = Debug|Win32
		{EE9A2BED-7DC5-4328-990F-EFA84846B0ED}.Release|x64.ActiveCfg = Release|x64
		{EE9A2BED-7DC5-4328-990F-EFA84846B0ED}.Release|x64.Build.0 = Release|x64
		{EE9A2BED-7DC5-4328-990F-EFA84846B0ED}.Release|x86.ActiveCfg = Release|Win32
		{EE9A2BED-7DC5-4328-990F-EFA84846B0ED}.Release|x86.Build.0 = Release|Win32
		{5A72D838-ED4C-4161-B763-E935C0CA0202}.Debug|x64.ActiveCfg = Debug|x64
		{5A72D838-ED4C-4161-B763-E935C0CA0202}.Debug|x64.Build.0 = Debug|x64
		{5A72D838-ED4C-4161-B763-E935C0CA0202}.Debug|x86.ActiveCfg = Debug|Win32
		{5A72D838-ED4C-4161-B763-E935C0CA0202}.Debug|x86.Build.0 = Debug|Win32
		{5A72D838-ED4C-4161-B763-E935C0CA0202}.Release|x64.ActiveCfg = Release|x64
		{5A72D838-ED4C-4161-B763-E935C0CA0202}.Release|x64.Build.0 = Release|x64
		{5A72D838-ED4C-4161-B763-E935C0CA0202}.Release|x86.ActiveCfg = Release|Win32
		{5A72D838-ED4C-4161-B763-E935C0CA0202}.Release|x86.Build.0 = Release|Win32
		{20EC5319-A7A4-4F35-B54E-32AC96B1068F}.Debug|x64.ActiveCfg = Debug|x64
		{20EC5319-A7A4-4F35-B54E-32AC96B1068F}.Debug|x64.Build.0 = Debug|x64
		{20EC5319-A7A4-4F35-B54E-32AC96B1068F}.Debug|x86.ActiveCfg = Debug|Win32
		{20EC5319-A7A4-4F35-B54E-32AC96B1068F}.Debug|x86.Build.0 = Debug|Win32
		{20EC5319-A7A4-4F35-B54E-32AC96B1068F}.Release|x64.ActiveCfg = Release|x64
		{20EC5319-A7A4-4F35-B54E-32AC96B1068F}.Release|x64.Build.0 = Release|x64
		{20EC5319-A7A4-4F35-B54E-32AC96B1068F}.Release|x86.ActiveCfg = Release|Win32
		{20EC5319-A7A4-4F35-B54E-32AC96B1068F}.Release|x86.Build.0 = Release|Win32
		{96C6D8F4-B272-4B57-8E8D-1FF036DDB849}.Debug|x64.ActiveCfg = Debug|x64
		{96C6D8F4-B272-4B57-8E8D-1FF036DDB849}.Debug|x64.Build.0 = Debug|x64
		{96C6D8F4-B272-4B57-8E8D-1FF036DDB849}.Debug|x86.ActiveCfg = Debug|Win32
		{96C6D8F4-B272-4B57-8E8D-1FF036DDB849}.Debug|x86.Build.0 = Debug|Win32
		{96C6D8F4-B272-4B57-8E8D-1FF036DDB849}.Release|x64.ActiveCfg = Release|x64
		{96C6D8F4-B272-4B57-8E8D-1FF036DDB849}.Release|x64.Build.0 = Release|x64
		{96C6D8F4-B272-4B57-8E8D-1FF036DDB849}.Release|x86.ActiveCfg = Release|Win32
		{96C6D8F4-B272-4B57-8E8D-1FF036DDB849}.Release|x86.Build.0 = Release|Win32
		{0DCCE000-DE9A-43CF-AE58-17454918AE52}.Debug|x64.ActiveCfg = Debug|x64
		{0DCCE000-DE9A-43CF-AE58-17454918AE52}.Debug|x64.Build.0 = Debug|x64
		{0DCCE000-DE9A-43CF-AE58-17454918AE52}.Debug|x86.ActiveCfg = Debug|Win32
		{0DCCE000-DE9A-43CF-AE58-17454918AE52}.Debug|x86.Build.0 = Debug|Win32
		{0DCCE000-DE9A-43CF-AE58-17454918AE52}.Release|x64.ActiveCfg = Release|x64
		{0DCCE000-DE9A-43CF-AE58-17454918AE52}.Release|x64.Build.0 = Release|x64
		{0DCCE000-DE9A-43CF-AE58-17454918AE52}.Release|x86.ActiveCfg = Release|Win32
		{0DCCE000-DE9A-43CF-AE58-17454918AE52}.Release|x86.Build.0 = Release|Win32
		{2078EF67-2622-4900-836F-ACFEE30A1791}.Debug|x64.ActiveCfg = Debug|x64
		{2078EF67-2622-4900-836F-ACFEE30A1791}.Debug|x64.Build.0 = Debug|x64
		{2078EF67-2622-4900-836F-ACFEE30A1791}.Debug|x86.ActiveCfg = Debug|Win32
		{2078EF67-2622-4900-836F-ACFEE30A1791}.Debug|x86.Build.0 = Debug|Win32
		{2078EF67-2622-4900-836F-ACFEE30A1791}.Release|x64.ActiveCfg = Release|x64
		{2078EF67-2622-4900-836F-ACFEE30A1791}.Release|x64.Build.0 = Release|x64
		{2078EF67-2622-4900-836F-ACFEE30A1791}.Release|x86.ActiveCfg = Release|Win32
		{2078EF67-2622-4900-836F-ACFEE30A1791}.Release|x86.Build.0 = Release|Win32
	EndGlobalSection
	GlobalSection(SolutionProperties) = preSolution
		HideSolutionNode = FALSE
	EndGlobalSection
	GlobalSection(ExtensibilityGlobals) = postSolution
		SolutionGuid = {56D61272-2F6F-4F31-B5B6-30E484B30BF6}
	EndGlobalSection
EndGlobal
